// !$*UTF8*$!
{
	archiveVersion = 1;
	classes = {
	};
	objectVersion = 46;
	objects = {

/* Begin PBXBuildFile section */
		06875413AF784AF009329039 /* libPods-TutorialRelam.a in Frameworks */ = {isa = PBXBuildFile; fileRef = 65655EEB3D70FF39AFC1AB1E /* libPods-TutorialRelam.a */; };
		A7BA65F31EC61A4A00B120E6 /* main.m in Sources */ = {isa = PBXBuildFile; fileRef = A7BA65F21EC61A4A00B120E6 /* main.m */; };
		A7BA65F61EC61A4A00B120E6 /* AppDelegate.m in Sources */ = {isa = PBXBuildFile; fileRef = A7BA65F51EC61A4A00B120E6 /* AppDelegate.m */; };
		A7BA65F91EC61A4A00B120E6 /* ViewController.m in Sources */ = {isa = PBXBuildFile; fileRef = A7BA65F81EC61A4A00B120E6 /* ViewController.m */; };
		A7BA65FE1EC61A4A00B120E6 /* Assets.xcassets in Resources */ = {isa = PBXBuildFile; fileRef = A7BA65FD1EC61A4A00B120E6 /* Assets.xcassets */; };
		A7BA66011EC61A4A00B120E6 /* LaunchScreen.storyboard in Resources */ = {isa = PBXBuildFile; fileRef = A7BA65FF1EC61A4A00B120E6 /* LaunchScreen.storyboard */; };
		A7BA66091EC6230300B120E6 /* ViewController.xib in Resources */ = {isa = PBXBuildFile; fileRef = A7BA66081EC6230300B120E6 /* ViewController.xib */; };
		A7BA66101EC6262F00B120E6 /* PeopleInformationTable.m in Sources */ = {isa = PBXBuildFile; fileRef = A7BA660F1EC6262F00B120E6 /* PeopleInformationTable.m */; };
		A7BA66141EC6276500B120E6 /* libc++.1.tbd in Frameworks */ = {isa = PBXBuildFile; fileRef = A7BA66131EC6276500B120E6 /* libc++.1.tbd */; };
		A7BA66191EC62C2B00B120E6 /* PeopleCell.m in Sources */ = {isa = PBXBuildFile; fileRef = A7BA66171EC62C2B00B120E6 /* PeopleCell.m */; };
		A7BA661A1EC62C2B00B120E6 /* PeopleCell.xib in Resources */ = {isa = PBXBuildFile; fileRef = A7BA66181EC62C2B00B120E6 /* PeopleCell.xib */; };
		CC46455A1EC7F15D007020EE /* Alert.m in Sources */ = {isa = PBXBuildFile; fileRef = CC4645591EC7F15D007020EE /* Alert.m */; };
		CC46455D1EC8059C007020EE /* DataBase.m in Sources */ = {isa = PBXBuildFile; fileRef = CC46455C1EC8059C007020EE /* DataBase.m */; };
/* End PBXBuildFile section */

/* Begin PBXFileReference section */
		4C5A091B771D8095551AF641 /* Pods-TutorialRelam.debug.xcconfig */ = {isa = PBXFileReference; includeInIndex = 1; lastKnownFileType = text.xcconfig; name = "Pods-TutorialRelam.debug.xcconfig"; path = "Pods/Target Support Files/Pods-TutorialRelam/Pods-TutorialRelam.debug.xcconfig"; sourceTree = "<group>"; };
		65655EEB3D70FF39AFC1AB1E /* libPods-TutorialRelam.a */ = {isa = PBXFileReference; explicitFileType = archive.ar; includeInIndex = 0; path = "libPods-TutorialRelam.a"; sourceTree = BUILT_PRODUCTS_DIR; };
		A7BA65EE1EC61A4A00B120E6 /* TutorialRelam.app */ = {isa = PBXFileReference; explicitFileType = wrapper.application; includeInIndex = 0; path = TutorialRelam.app; sourceTree = BUILT_PRODUCTS_DIR; };
		A7BA65F21EC61A4A00B120E6 /* main.m */ = {isa = PBXFileReference; lastKnownFileType = sourcecode.c.objc; path = main.m; sourceTree = "<group>"; };
		A7BA65F41EC61A4A00B120E6 /* AppDelegate.h */ = {isa = PBXFileReference; lastKnownFileType = sourcecode.c.h; path = AppDelegate.h; sourceTree = "<group>"; };
		A7BA65F51EC61A4A00B120E6 /* AppDelegate.m */ = {isa = PBXFileReference; lastKnownFileType = sourcecode.c.objc; path = AppDelegate.m; sourceTree = "<group>"; };
		A7BA65F71EC61A4A00B120E6 /* ViewController.h */ = {isa = PBXFileReference; lastKnownFileType = sourcecode.c.h; path = ViewController.h; sourceTree = "<group>"; };
		A7BA65F81EC61A4A00B120E6 /* ViewController.m */ = {isa = PBXFileReference; lastKnownFileType = sourcecode.c.objc; path = ViewController.m; sourceTree = "<group>"; };
		A7BA65FD1EC61A4A00B120E6 /* Assets.xcassets */ = {isa = PBXFileReference; lastKnownFileType = folder.assetcatalog; path = Assets.xcassets; sourceTree = "<group>"; };
		A7BA66001EC61A4A00B120E6 /* Base */ = {isa = PBXFileReference; lastKnownFileType = file.storyboard; name = Base; path = Base.lproj/LaunchScreen.storyboard; sourceTree = "<group>"; };
		A7BA66021EC61A4A00B120E6 /* Info.plist */ = {isa = PBXFileReference; lastKnownFileType = text.plist.xml; path = Info.plist; sourceTree = "<group>"; };
		A7BA66081EC6230300B120E6 /* ViewController.xib */ = {isa = PBXFileReference; fileEncoding = 4; lastKnownFileType = file.xib; path = ViewController.xib; sourceTree = "<group>"; };
		A7BA660E1EC6262F00B120E6 /* PeopleInformationTable.h */ = {isa = PBXFileReference; fileEncoding = 4; lastKnownFileType = sourcecode.c.h; path = PeopleInformationTable.h; sourceTree = "<group>"; };
		A7BA660F1EC6262F00B120E6 /* PeopleInformationTable.m */ = {isa = PBXFileReference; fileEncoding = 4; lastKnownFileType = sourcecode.c.objc; path = PeopleInformationTable.m; sourceTree = "<group>"; };
		A7BA66131EC6276500B120E6 /* libc++.1.tbd */ = {isa = PBXFileReference; lastKnownFileType = "sourcecode.text-based-dylib-definition"; name = "libc++.1.tbd"; path = "usr/lib/libc++.1.tbd"; sourceTree = SDKROOT; };
		A7BA66161EC62C2B00B120E6 /* PeopleCell.h */ = {isa = PBXFileReference; fileEncoding = 4; lastKnownFileType = sourcecode.c.h; path = PeopleCell.h; sourceTree = "<group>"; };
		A7BA66171EC62C2B00B120E6 /* PeopleCell.m */ = {isa = PBXFileReference; fileEncoding = 4; lastKnownFileType = sourcecode.c.objc; path = PeopleCell.m; sourceTree = "<group>"; };
		A7BA66181EC62C2B00B120E6 /* PeopleCell.xib */ = {isa = PBXFileReference; fileEncoding = 4; lastKnownFileType = file.xib; path = PeopleCell.xib; sourceTree = "<group>"; };
		A7BA661C1EC62D9300B120E6 /* PrefixHeader.pch */ = {isa = PBXFileReference; lastKnownFileType = sourcecode.c.h; path = PrefixHeader.pch; sourceTree = "<group>"; };
		CC4645581EC7F15D007020EE /* Alert.h */ = {isa = PBXFileReference; fileEncoding = 4; lastKnownFileType = sourcecode.c.h; path = Alert.h; sourceTree = "<group>"; };
		CC4645591EC7F15D007020EE /* Alert.m */ = {isa = PBXFileReference; fileEncoding = 4; lastKnownFileType = sourcecode.c.objc; path = Alert.m; sourceTree = "<group>"; };
		CC46455B1EC8059C007020EE /* DataBase.h */ = {isa = PBXFileReference; fileEncoding = 4; lastKnownFileType = sourcecode.c.h; path = DataBase.h; sourceTree = "<group>"; };
		CC46455C1EC8059C007020EE /* DataBase.m */ = {isa = PBXFileReference; fileEncoding = 4; lastKnownFileType = sourcecode.c.objc; path = DataBase.m; sourceTree = "<group>"; };
		CC741CC7353E692653776A39 /* Pods-TutorialRelam.release.xcconfig */ = {isa = PBXFileReference; includeInIndex = 1; lastKnownFileType = text.xcconfig; name = "Pods-TutorialRelam.release.xcconfig"; path = "Pods/Target Support Files/Pods-TutorialRelam/Pods-TutorialRelam.release.xcconfig"; sourceTree = "<group>"; };
/* End PBXFileReference section */

/* Begin PBXFrameworksBuildPhase section */
		A7BA65EB1EC61A4A00B120E6 /* Frameworks */ = {
			isa = PBXFrameworksBuildPhase;
			buildActionMask = 2147483647;
			files = (
				A7BA66141EC6276500B120E6 /* libc++.1.tbd in Frameworks */,
				06875413AF784AF009329039 /* libPods-TutorialRelam.a in Frameworks */,
			);
			runOnlyForDeploymentPostprocessing = 0;
		};
/* End PBXFrameworksBuildPhase section */

/* Begin PBXGroup section */
		409D23374084E713B5785C2C /* Pods */ = {
			isa = PBXGroup;
			children = (
				4C5A091B771D8095551AF641 /* Pods-TutorialRelam.debug.xcconfig */,
				CC741CC7353E692653776A39 /* Pods-TutorialRelam.release.xcconfig */,
			);
			name = Pods;
			sourceTree = "<group>";
		};
		A30CF91D8692540A1EEFECB7 /* Frameworks */ = {
			isa = PBXGroup;
			children = (
				A7BA66131EC6276500B120E6 /* libc++.1.tbd */,
				65655EEB3D70FF39AFC1AB1E /* libPods-TutorialRelam.a */,
			);
			name = Frameworks;
			sourceTree = "<group>";
		};
		A70DF3E81EC9F96D00286226 /* Persistence */ = {
			isa = PBXGroup;
			children = (
				CC46455B1EC8059C007020EE /* DataBase.h */,
				CC46455C1EC8059C007020EE /* DataBase.m */,
			);
			name = Persistence;
			sourceTree = "<group>";
		};
		A7BA65E51EC61A4A00B120E6 = {
			isa = PBXGroup;
			children = (
				A7BA65F01EC61A4A00B120E6 /* TutorialRelam */,
				A7BA65EF1EC61A4A00B120E6 /* Products */,
				409D23374084E713B5785C2C /* Pods */,
				A30CF91D8692540A1EEFECB7 /* Frameworks */,
			);
			sourceTree = "<group>";
		};
		A7BA65EF1EC61A4A00B120E6 /* Products */ = {
			isa = PBXGroup;
			children = (
				A7BA65EE1EC61A4A00B120E6 /* TutorialRelam.app */,
			);
			name = Products;
			sourceTree = "<group>";
		};
		A7BA65F01EC61A4A00B120E6 /* TutorialRelam */ = {
			isa = PBXGroup;
			children = (
				CC4645561EC7F115007020EE /* Bussiness */,
				A7BA66111EC6263600B120E6 /* Modelo */,
				A7BA660A1EC6252F00B120E6 /* ViewController */,
				A7BA660C1EC6255E00B120E6 /* View */,
				A7BA660B1EC6254200B120E6 /* Delegate */,
				A7BA65FF1EC61A4A00B120E6 /* LaunchScreen.storyboard */,
				A7BA66021EC61A4A00B120E6 /* Info.plist */,
				A7BA65F11EC61A4A00B120E6 /* Supporting Files */,
			);
			path = TutorialRelam;
			sourceTree = "<group>";
		};
		A7BA65F11EC61A4A00B120E6 /* Supporting Files */ = {
			isa = PBXGroup;
			children = (
				A7BA65F21EC61A4A00B120E6 /* main.m */,
				A7BA661C1EC62D9300B120E6 /* PrefixHeader.pch */,
			);
			name = "Supporting Files";
			sourceTree = "<group>";
		};
		A7BA660A1EC6252F00B120E6 /* ViewController */ = {
			isa = PBXGroup;
			children = (
				A7BA661B1EC62C3300B120E6 /* Cells */,
				A7BA65F71EC61A4A00B120E6 /* ViewController.h */,
				A7BA65F81EC61A4A00B120E6 /* ViewController.m */,
			);
			name = ViewController;
			sourceTree = "<group>";
		};
		A7BA660B1EC6254200B120E6 /* Delegate */ = {
			isa = PBXGroup;
			children = (
				A7BA65F41EC61A4A00B120E6 /* AppDelegate.h */,
				A7BA65F51EC61A4A00B120E6 /* AppDelegate.m */,
			);
			name = Delegate;
			sourceTree = "<group>";
		};
		A7BA660C1EC6255E00B120E6 /* View */ = {
			isa = PBXGroup;
			children = (
				A7BA65FD1EC61A4A00B120E6 /* Assets.xcassets */,
				A7BA660D1EC6258D00B120E6 /* xib */,
			);
			name = View;
			sourceTree = "<group>";
		};
		A7BA660D1EC6258D00B120E6 /* xib */ = {
			isa = PBXGroup;
			children = (
				A7BA66151EC62BD900B120E6 /* Cells */,
				A7BA66081EC6230300B120E6 /* ViewController.xib */,
			);
			name = xib;
			sourceTree = "<group>";
		};
		A7BA66111EC6263600B120E6 /* Modelo */ = {
			isa = PBXGroup;
			children = (
				A7BA66121EC626A700B120E6 /* Entities */,
			);
			name = Modelo;
			sourceTree = "<group>";
		};
		A7BA66121EC626A700B120E6 /* Entities */ = {
			isa = PBXGroup;
			children = (
				A7BA660E1EC6262F00B120E6 /* PeopleInformationTable.h */,
				A7BA660F1EC6262F00B120E6 /* PeopleInformationTable.m */,
			);
			name = Entities;
			sourceTree = "<group>";
		};
		A7BA66151EC62BD900B120E6 /* Cells */ = {
			isa = PBXGroup;
			children = (
				A7BA66181EC62C2B00B120E6 /* PeopleCell.xib */,
			);
			name = Cells;
			sourceTree = "<group>";
		};
		A7BA661B1EC62C3300B120E6 /* Cells */ = {
			isa = PBXGroup;
			children = (
				A7BA66161EC62C2B00B120E6 /* PeopleCell.h */,
				A7BA66171EC62C2B00B120E6 /* PeopleCell.m */,
			);
			name = Cells;
			sourceTree = "<group>";
		};
		CC4645561EC7F115007020EE /* Bussiness */ = {
			isa = PBXGroup;
			children = (
				A70DF3E81EC9F96D00286226 /* Persistence */,
				CC4645571EC7F132007020EE /* Utils */,
			);
			name = Bussiness;
			sourceTree = "<group>";
		};
		CC4645571EC7F132007020EE /* Utils */ = {
			isa = PBXGroup;
			children = (
				CC4645581EC7F15D007020EE /* Alert.h */,
				CC4645591EC7F15D007020EE /* Alert.m */,
			);
			name = Utils;
			sourceTree = "<group>";
		};
/* End PBXGroup section */

/* Begin PBXNativeTarget section */
		A7BA65ED1EC61A4A00B120E6 /* TutorialRelam */ = {
			isa = PBXNativeTarget;
			buildConfigurationList = A7BA66051EC61A4A00B120E6 /* Build configuration list for PBXNativeTarget "TutorialRelam" */;
			buildPhases = (
				58CDC988378FD5D4948303EA /* [CP] Check Pods Manifest.lock */,
				A7BA65EA1EC61A4A00B120E6 /* Sources */,
				A7BA65EB1EC61A4A00B120E6 /* Frameworks */,
				A7BA65EC1EC61A4A00B120E6 /* Resources */,
				329BB8DDDDA6B528A2B54247 /* [CP] Embed Pods Frameworks */,
				81326B4A5C233A48921A2C29 /* [CP] Copy Pods Resources */,
			);
			buildRules = (
			);
			dependencies = (
			);
			name = TutorialRelam;
			productName = TutorialRelam;
			productReference = A7BA65EE1EC61A4A00B120E6 /* TutorialRelam.app */;
			productType = "com.apple.product-type.application";
		};
/* End PBXNativeTarget section */

/* Begin PBXProject section */
		A7BA65E61EC61A4A00B120E6 /* Project object */ = {
			isa = PBXProject;
			attributes = {
				LastUpgradeCheck = 0830;
				ORGANIZATIONNAME = Erick;
				TargetAttributes = {
					A7BA65ED1EC61A4A00B120E6 = {
						CreatedOnToolsVersion = 8.3.2;
						ProvisioningStyle = Automatic;
					};
				};
			};
			buildConfigurationList = A7BA65E91EC61A4A00B120E6 /* Build configuration list for PBXProject "TutorialRelam" */;
			compatibilityVersion = "Xcode 3.2";
			developmentRegion = English;
			hasScannedForEncodings = 0;
			knownRegions = (
				en,
				Base,
			);
			mainGroup = A7BA65E51EC61A4A00B120E6;
			productRefGroup = A7BA65EF1EC61A4A00B120E6 /* Products */;
			projectDirPath = "";
			projectRoot = "";
			targets = (
				A7BA65ED1EC61A4A00B120E6 /* TutorialRelam */,
			);
		};
/* End PBXProject section */

/* Begin PBXResourcesBuildPhase section */
		A7BA65EC1EC61A4A00B120E6 /* Resources */ = {
			isa = PBXResourcesBuildPhase;
			buildActionMask = 2147483647;
			files = (
				A7BA661A1EC62C2B00B120E6 /* PeopleCell.xib in Resources */,
				A7BA66011EC61A4A00B120E6 /* LaunchScreen.storyboard in Resources */,
				A7BA66091EC6230300B120E6 /* ViewController.xib in Resources */,
				A7BA65FE1EC61A4A00B120E6 /* Assets.xcassets in Resources */,
			);
			runOnlyForDeploymentPostprocessing = 0;
		};
/* End PBXResourcesBuildPhase section */

/* Begin PBXShellScriptBuildPhase section */
		329BB8DDDDA6B528A2B54247 /* [CP] Embed Pods Frameworks */ = {
			isa = PBXShellScriptBuildPhase;
			buildActionMask = 2147483647;
			files = (
			);
			inputPaths = (
			);
			name = "[CP] Embed Pods Frameworks";
			outputPaths = (
			);
			runOnlyForDeploymentPostprocessing = 0;
			shellPath = /bin/sh;
			shellScript = "\"${SRCROOT}/Pods/Target Support Files/Pods-TutorialRelam/Pods-TutorialRelam-frameworks.sh\"\n";
			showEnvVarsInLog = 0;
		};
		58CDC988378FD5D4948303EA /* [CP] Check Pods Manifest.lock */ = {
			isa = PBXShellScriptBuildPhase;
			buildActionMask = 2147483647;
			files = (
			);
			inputPaths = (
			);
			name = "[CP] Check Pods Manifest.lock";
			outputPaths = (
			);
			runOnlyForDeploymentPostprocessing = 0;
			shellPath = /bin/sh;
			shellScript = "diff \"${PODS_PODFILE_DIR_PATH}/Podfile.lock\" \"${PODS_ROOT}/Manifest.lock\" > /dev/null\nif [ $? != 0 ] ; then\n    # print error to STDERR\n    echo \"error: The sandbox is not in sync with the Podfile.lock. Run 'pod install' or update your CocoaPods installation.\" >&2\n    exit 1\nfi\n";
			showEnvVarsInLog = 0;
		};
		81326B4A5C233A48921A2C29 /* [CP] Copy Pods Resources */ = {
			isa = PBXShellScriptBuildPhase;
			buildActionMask = 2147483647;
			files = (
			);
			inputPaths = (
			);
			name = "[CP] Copy Pods Resources";
			outputPaths = (
			);
			runOnlyForDeploymentPostprocessing = 0;
			shellPath = /bin/sh;
			shellScript = "\"${SRCROOT}/Pods/Target Support Files/Pods-TutorialRelam/Pods-TutorialRelam-resources.sh\"\n";
			showEnvVarsInLog = 0;
		};
/* End PBXShellScriptBuildPhase section */

/* Begin PBXSourcesBuildPhase section */
		A7BA65EA1EC61A4A00B120E6 /* Sources */ = {
			isa = PBXSourcesBuildPhase;
			buildActionMask = 2147483647;
			files = (
				CC46455A1EC7F15D007020EE /* Alert.m in Sources */,
				CC46455D1EC8059C007020EE /* DataBase.m in Sources */,
				A7BA65F91EC61A4A00B120E6 /* ViewController.m in Sources */,
				A7BA65F61EC61A4A00B120E6 /* AppDelegate.m in Sources */,
				A7BA66101EC6262F00B120E6 /* PeopleInformationTable.m in Sources */,
				A7BA65F31EC61A4A00B120E6 /* main.m in Sources */,
				A7BA66191EC62C2B00B120E6 /* PeopleCell.m in Sources */,
			);
			runOnlyForDeploymentPostprocessing = 0;
		};
/* End PBXSourcesBuildPhase section */

/* Begin PBXVariantGroup section */
		A7BA65FF1EC61A4A00B120E6 /* LaunchScreen.storyboard */ = {
			isa = PBXVariantGroup;
			children = (
				A7BA66001EC61A4A00B120E6 /* Base */,
			);
			name = LaunchScreen.storyboard;
			sourceTree = "<group>";
		};
/* End PBXVariantGroup section */

/* Begin XCBuildConfiguration section */
		A7BA66031EC61A4A00B120E6 /* Debug */ = {
			isa = XCBuildConfiguration;
			buildSettings = {
				ALWAYS_SEARCH_USER_PATHS = NO;
				CLANG_ANALYZER_NONNULL = YES;
				CLANG_ANALYZER_NUMBER_OBJECT_CONVERSION = YES_AGGRESSIVE;
				CLANG_CXX_LANGUAGE_STANDARD = "gnu++0x";
				CLANG_CXX_LIBRARY = "libc++";
				CLANG_ENABLE_MODULES = YES;
				CLANG_ENABLE_OBJC_ARC = YES;
				CLANG_WARN_BOOL_CONVERSION = YES;
				CLANG_WARN_CONSTANT_CONVERSION = YES;
				CLANG_WARN_DIRECT_OBJC_ISA_USAGE = YES_ERROR;
				CLANG_WARN_DOCUMENTATION_COMMENTS = YES;
				CLANG_WARN_EMPTY_BODY = YES;
				CLANG_WARN_ENUM_CONVERSION = YES;
				CLANG_WARN_INFINITE_RECURSION = YES;
				CLANG_WARN_INT_CONVERSION = YES;
				CLANG_WARN_OBJC_ROOT_CLASS = YES_ERROR;
				CLANG_WARN_SUSPICIOUS_MOVE = YES;
				CLANG_WARN_UNREACHABLE_CODE = YES;
				CLANG_WARN__DUPLICATE_METHOD_MATCH = YES;
				"CODE_SIGN_IDENTITY[sdk=iphoneos*]" = "iPhone Developer";
				COPY_PHASE_STRIP = NO;
				DEBUG_INFORMATION_FORMAT = dwarf;
				ENABLE_STRICT_OBJC_MSGSEND = YES;
				ENABLE_TESTABILITY = YES;
				GCC_C_LANGUAGE_STANDARD = gnu99;
				GCC_DYNAMIC_NO_PIC = NO;
				GCC_NO_COMMON_BLOCKS = YES;
				GCC_OPTIMIZATION_LEVEL = 0;
				GCC_PREPROCESSOR_DEFINITIONS = (
					"DEBUG=1",
					"$(inherited)",
				);
				GCC_WARN_64_TO_32_BIT_CONVERSION = YES;
				GCC_WARN_ABOUT_RETURN_TYPE = YES_ERROR;
				GCC_WARN_UNDECLARED_SELECTOR = YES;
				GCC_WARN_UNINITIALIZED_AUTOS = YES_AGGRESSIVE;
				GCC_WARN_UNUSED_FUNCTION = YES;
				GCC_WARN_UNUSED_VARIABLE = YES;
				IPHONEOS_DEPLOYMENT_TARGET = 10.3;
				MTL_ENABLE_DEBUG_INFO = YES;
				ONLY_ACTIVE_ARCH = YES;
				SDKROOT = iphoneos;
				TARGETED_DEVICE_FAMILY = "1,2";
			};
			name = Debug;
		};
		A7BA66041EC61A4A00B120E6 /* Release */ = {
			isa = XCBuildConfiguration;
			buildSettings = {
				ALWAYS_SEARCH_USER_PATHS = NO;
				CLANG_ANALYZER_NONNULL = YES;
				CLANG_ANALYZER_NUMBER_OBJECT_CONVERSION = YES_AGGRESSIVE;
				CLANG_CXX_LANGUAGE_STANDARD = "gnu++0x";
				CLANG_CXX_LIBRARY = "libc++";
				CLANG_ENABLE_MODULES = YES;
				CLANG_ENABLE_OBJC_ARC = YES;
				CLANG_WARN_BOOL_CONVERSION = YES;
				CLANG_WARN_CONSTANT_CONVERSION = YES;
				CLANG_WARN_DIRECT_OBJC_ISA_USAGE = YES_ERROR;
				CLANG_WARN_DOCUMENTATION_COMMENTS = YES;
				CLANG_WARN_EMPTY_BODY = YES;
				CLANG_WARN_ENUM_CONVERSION = YES;
				CLANG_WARN_INFINITE_RECURSION = YES;
				CLANG_WARN_INT_CONVERSION = YES;
				CLANG_WARN_OBJC_ROOT_CLASS = YES_ERROR;
				CLANG_WARN_SUSPICIOUS_MOVE = YES;
				CLANG_WARN_UNREACHABLE_CODE = YES;
				CLANG_WARN__DUPLICATE_METHOD_MATCH = YES;
				"CODE_SIGN_IDENTITY[sdk=iphoneos*]" = "iPhone Developer";
				COPY_PHASE_STRIP = NO;
				DEBUG_INFORMATION_FORMAT = "dwarf-with-dsym";
				ENABLE_NS_ASSERTIONS = NO;
				ENABLE_STRICT_OBJC_MSGSEND = YES;
				GCC_C_LANGUAGE_STANDARD = gnu99;
				GCC_NO_COMMON_BLOCKS = YES;
				GCC_WARN_64_TO_32_BIT_CONVERSION = YES;
				GCC_WARN_ABOUT_RETURN_TYPE = YES_ERROR;
				GCC_WARN_UNDECLARED_SELECTOR = YES;
				GCC_WARN_UNINITIALIZED_AUTOS = YES_AGGRESSIVE;
				GCC_WARN_UNUSED_FUNCTION = YES;
				GCC_WARN_UNUSED_VARIABLE = YES;
				IPHONEOS_DEPLOYMENT_TARGET = 10.3;
				MTL_ENABLE_DEBUG_INFO = NO;
				SDKROOT = iphoneos;
				TARGETED_DEVICE_FAMILY = "1,2";
				VALIDATE_PRODUCT = YES;
			};
			name = Release;
		};
		A7BA66061EC61A4A00B120E6 /* Debug */ = {
			isa = XCBuildConfiguration;
			baseConfigurationReference = 4C5A091B771D8095551AF641 /* Pods-TutorialRelam.debug.xcconfig */;
			buildSettings = {
				ASSETCATALOG_COMPILER_APPICON_NAME = AppIcon;
				GCC_PRECOMPILE_PREFIX_HEADER = YES;
				GCC_PREFIX_HEADER = "$(SRCROOT)/TutorialRelam/PrefixHeader.pch";
				INFOPLIST_FILE = TutorialRelam/Info.plist;
				LD_RUNPATH_SEARCH_PATHS = "$(inherited) @executable_path/Frameworks";
				PRODUCT_BUNDLE_IDENTIFIER = kokonutstudio.TutorialRelam;
				PRODUCT_NAME = "$(TARGET_NAME)";
			};
			name = Debug;
		};
		A7BA66071EC61A4A00B120E6 /* Release */ = {
			isa = XCBuildConfiguration;
			baseConfigurationReference = CC741CC7353E692653776A39 /* Pods-TutorialRelam.release.xcconfig */;
			buildSettings = {
				ASSETCATALOG_COMPILER_APPICON_NAME = AppIcon;
				GCC_PRECOMPILE_PREFIX_HEADER = YES;
				GCC_PREFIX_HEADER = "$(SRCROOT)/TutorialRelam/PrefixHeader.pch";
				INFOPLIST_FILE = TutorialRelam/Info.plist;
				LD_RUNPATH_SEARCH_PATHS = "$(inherited) @executable_path/Frameworks";
				PRODUCT_BUNDLE_IDENTIFIER = kokonutstudio.TutorialRelam;
				PRODUCT_NAME = "$(TARGET_NAME)";
			};
			name = Release;
		};
/* End XCBuildConfiguration section */

/* Begin XCConfigurationList section */
		A7BA65E91EC61A4A00B120E6 /* Build configuration list for PBXProject "TutorialRelam" */ = {
			isa = XCConfigurationList;
			buildConfigurations = (
				A7BA66031EC61A4A00B120E6 /* Debug */,
				A7BA66041EC61A4A00B120E6 /* Release */,
			);
			defaultConfigurationIsVisible = 0;
			defaultConfigurationName = Release;
		};
		A7BA66051EC61A4A00B120E6 /* Build configuration list for PBXNativeTarget "TutorialRelam" */ = {
			isa = XCConfigurationList;
			buildConfigurations = (
				A7BA66061EC61A4A00B120E6 /* Debug */,
				A7BA66071EC61A4A00B120E6 /* Release */,
			);
			defaultConfigurationIsVisible = 0;
			defaultConfigurationName = Release;
		};
/* End XCConfigurationList section */
	};
	rootObject = A7BA65E61EC61A4A00B120E6 /* Project object */;
}
